// !$*UTF8*$!
{
	archiveVersion = 1;
	classes = {
	};
	objectVersion = 46;
	objects = {

/* Begin PBXBuildFile section */
		66B918451BF7987E006D5B01 /* AppDelegate.swift in Sources */ = {isa = PBXBuildFile; fileRef = 66B918441BF7987E006D5B01 /* AppDelegate.swift */; };
		66B918471BF7987E006D5B01 /* ViewController.swift in Sources */ = {isa = PBXBuildFile; fileRef = 66B918461BF7987E006D5B01 /* ViewController.swift */; };
		66B9184A1BF7987E006D5B01 /* Main.storyboard in Resources */ = {isa = PBXBuildFile; fileRef = 66B918481BF7987E006D5B01 /* Main.storyboard */; };
		66B9184C1BF7987E006D5B01 /* Assets.xcassets in Resources */ = {isa = PBXBuildFile; fileRef = 66B9184B1BF7987E006D5B01 /* Assets.xcassets */; };
		66B9184F1BF7987E006D5B01 /* LaunchScreen.storyboard in Resources */ = {isa = PBXBuildFile; fileRef = 66B9184D1BF7987E006D5B01 /* LaunchScreen.storyboard */; };
		66B918541BF7987E006D5B01 /* bropay WatchKit App.app in Embed Watch Content */ = {isa = PBXBuildFile; fileRef = 66B918531BF7987E006D5B01 /* bropay WatchKit App.app */; };
		66B9185A1BF7987E006D5B01 /* Interface.storyboard in Resources */ = {isa = PBXBuildFile; fileRef = 66B918581BF7987E006D5B01 /* Interface.storyboard */; };
		66B9185C1BF7987E006D5B01 /* Assets.xcassets in Resources */ = {isa = PBXBuildFile; fileRef = 66B9185B1BF7987E006D5B01 /* Assets.xcassets */; };
		66B918631BF7987E006D5B01 /* bropay WatchKit Extension.appex in Embed App Extensions */ = {isa = PBXBuildFile; fileRef = 66B918621BF7987E006D5B01 /* bropay WatchKit Extension.appex */; settings = {ATTRIBUTES = (RemoveHeadersOnCopy, ); }; };
		66B9186A1BF7987E006D5B01 /* InterfaceController.swift in Sources */ = {isa = PBXBuildFile; fileRef = 66B918691BF7987E006D5B01 /* InterfaceController.swift */; };
		66B9186C1BF7987E006D5B01 /* ExtensionDelegate.swift in Sources */ = {isa = PBXBuildFile; fileRef = 66B9186B1BF7987E006D5B01 /* ExtensionDelegate.swift */; };
		66B9186E1BF7987E006D5B01 /* NotificationController.swift in Sources */ = {isa = PBXBuildFile; fileRef = 66B9186D1BF7987E006D5B01 /* NotificationController.swift */; };
		66B918701BF7987E006D5B01 /* ComplicationController.swift in Sources */ = {isa = PBXBuildFile; fileRef = 66B9186F1BF7987E006D5B01 /* ComplicationController.swift */; };
		66B918721BF7987E006D5B01 /* Assets.xcassets in Resources */ = {isa = PBXBuildFile; fileRef = 66B918711BF7987E006D5B01 /* Assets.xcassets */; };
		6D3AA2D9A403793A7A2131EE /* libPods-bropay.a in Frameworks */ = {isa = PBXBuildFile; fileRef = 21EAED873986F78BA889ABB0 /* libPods-bropay.a */; };
/* End PBXBuildFile section */

/* Begin PBXContainerItemProxy section */
		66B918551BF7987E006D5B01 /* PBXContainerItemProxy */ = {
			isa = PBXContainerItemProxy;
			containerPortal = 66B918391BF7987E006D5B01 /* Project object */;
			proxyType = 1;
			remoteGlobalIDString = 66B918521BF7987E006D5B01;
			remoteInfo = "bropay WatchKit App";
		};
		66B918641BF7987E006D5B01 /* PBXContainerItemProxy */ = {
			isa = PBXContainerItemProxy;
			containerPortal = 66B918391BF7987E006D5B01 /* Project object */;
			proxyType = 1;
			remoteGlobalIDString = 66B918611BF7987E006D5B01;
			remoteInfo = "bropay WatchKit Extension";
		};
/* End PBXContainerItemProxy section */

/* Begin PBXCopyFilesBuildPhase section */
		66B918791BF7987E006D5B01 /* Embed App Extensions */ = {
			isa = PBXCopyFilesBuildPhase;
			buildActionMask = 2147483647;
			dstPath = "";
			dstSubfolderSpec = 13;
			files = (
				66B918631BF7987E006D5B01 /* bropay WatchKit Extension.appex in Embed App Extensions */,
			);
			name = "Embed App Extensions";
			runOnlyForDeploymentPostprocessing = 0;
		};
		66B9187D1BF7987E006D5B01 /* Embed Watch Content */ = {
			isa = PBXCopyFilesBuildPhase;
			buildActionMask = 2147483647;
			dstPath = "$(CONTENTS_FOLDER_PATH)/Watch";
			dstSubfolderSpec = 16;
			files = (
				66B918541BF7987E006D5B01 /* bropay WatchKit App.app in Embed Watch Content */,
			);
			name = "Embed Watch Content";
			runOnlyForDeploymentPostprocessing = 0;
		};
/* End PBXCopyFilesBuildPhase section */

/* Begin PBXFileReference section */
		21EAED873986F78BA889ABB0 /* libPods-bropay.a */ = {isa = PBXFileReference; explicitFileType = archive.ar; includeInIndex = 0; path = "libPods-bropay.a"; sourceTree = BUILT_PRODUCTS_DIR; };
		66B918411BF7987E006D5B01 /* bropay.app */ = {isa = PBXFileReference; explicitFileType = wrapper.application; includeInIndex = 0; path = bropay.app; sourceTree = BUILT_PRODUCTS_DIR; };
		66B918441BF7987E006D5B01 /* AppDelegate.swift */ = {isa = PBXFileReference; lastKnownFileType = sourcecode.swift; path = AppDelegate.swift; sourceTree = "<group>"; };
		66B918461BF7987E006D5B01 /* ViewController.swift */ = {isa = PBXFileReference; lastKnownFileType = sourcecode.swift; path = ViewController.swift; sourceTree = "<group>"; };
		66B918491BF7987E006D5B01 /* Base */ = {isa = PBXFileReference; lastKnownFileType = file.storyboard; name = Base; path = Base.lproj/Main.storyboard; sourceTree = "<group>"; };
		66B9184B1BF7987E006D5B01 /* Assets.xcassets */ = {isa = PBXFileReference; lastKnownFileType = folder.assetcatalog; path = Assets.xcassets; sourceTree = "<group>"; };
		66B9184E1BF7987E006D5B01 /* Base */ = {isa = PBXFileReference; lastKnownFileType = file.storyboard; name = Base; path = Base.lproj/LaunchScreen.storyboard; sourceTree = "<group>"; };
		66B918501BF7987E006D5B01 /* Info.plist */ = {isa = PBXFileReference; lastKnownFileType = text.plist.xml; path = Info.plist; sourceTree = "<group>"; };
		66B918531BF7987E006D5B01 /* bropay WatchKit App.app */ = {isa = PBXFileReference; explicitFileType = wrapper.application; includeInIndex = 0; path = "bropay WatchKit App.app"; sourceTree = BUILT_PRODUCTS_DIR; };
		66B918591BF7987E006D5B01 /* Base */ = {isa = PBXFileReference; lastKnownFileType = file.storyboard; name = Base; path = Base.lproj/Interface.storyboard; sourceTree = "<group>"; };
		66B9185B1BF7987E006D5B01 /* Assets.xcassets */ = {isa = PBXFileReference; lastKnownFileType = folder.assetcatalog; path = Assets.xcassets; sourceTree = "<group>"; };
		66B9185D1BF7987E006D5B01 /* Info.plist */ = {isa = PBXFileReference; lastKnownFileType = text.plist.xml; path = Info.plist; sourceTree = "<group>"; };
		66B918621BF7987E006D5B01 /* bropay WatchKit Extension.appex */ = {isa = PBXFileReference; explicitFileType = "wrapper.app-extension"; includeInIndex = 0; path = "bropay WatchKit Extension.appex"; sourceTree = BUILT_PRODUCTS_DIR; };
		66B918681BF7987E006D5B01 /* PushNotificationPayload.apns */ = {isa = PBXFileReference; lastKnownFileType = text; path = PushNotificationPayload.apns; sourceTree = "<group>"; };
		66B918691BF7987E006D5B01 /* InterfaceController.swift */ = {isa = PBXFileReference; lastKnownFileType = sourcecode.swift; path = InterfaceController.swift; sourceTree = "<group>"; };
		66B9186B1BF7987E006D5B01 /* ExtensionDelegate.swift */ = {isa = PBXFileReference; lastKnownFileType = sourcecode.swift; path = ExtensionDelegate.swift; sourceTree = "<group>"; };
		66B9186D1BF7987E006D5B01 /* NotificationController.swift */ = {isa = PBXFileReference; lastKnownFileType = sourcecode.swift; path = NotificationController.swift; sourceTree = "<group>"; };
		66B9186F1BF7987E006D5B01 /* ComplicationController.swift */ = {isa = PBXFileReference; lastKnownFileType = sourcecode.swift; path = ComplicationController.swift; sourceTree = "<group>"; };
		66B918711BF7987E006D5B01 /* Assets.xcassets */ = {isa = PBXFileReference; lastKnownFileType = folder.assetcatalog; path = Assets.xcassets; sourceTree = "<group>"; };
		66B918731BF7987E006D5B01 /* Info.plist */ = {isa = PBXFileReference; lastKnownFileType = text.plist.xml; path = Info.plist; sourceTree = "<group>"; };
		66B975021BF82CFC003FB7F7 /* bropay-Bridging-Header.h */ = {isa = PBXFileReference; fileEncoding = 4; lastKnownFileType = sourcecode.c.h; path = "bropay-Bridging-Header.h"; sourceTree = "<group>"; };
		C5B31C020FB8B8426B788FE3 /* Pods-bropay.debug.xcconfig */ = {isa = PBXFileReference; includeInIndex = 1; lastKnownFileType = text.xcconfig; name = "Pods-bropay.debug.xcconfig"; path = "Pods/Target Support Files/Pods-bropay/Pods-bropay.debug.xcconfig"; sourceTree = "<group>"; };
		D92AE7D2CF1778834C2162DF /* Pods-bropay.release.xcconfig */ = {isa = PBXFileReference; includeInIndex = 1; lastKnownFileType = text.xcconfig; name = "Pods-bropay.release.xcconfig"; path = "Pods/Target Support Files/Pods-bropay/Pods-bropay.release.xcconfig"; sourceTree = "<group>"; };
/* End PBXFileReference section */

/* Begin PBXFrameworksBuildPhase section */
		66B9183E1BF7987E006D5B01 /* Frameworks */ = {
			isa = PBXFrameworksBuildPhase;
			buildActionMask = 2147483647;
			files = (
				6D3AA2D9A403793A7A2131EE /* libPods-bropay.a in Frameworks */,
			);
			runOnlyForDeploymentPostprocessing = 0;
		};
		66B9185F1BF7987E006D5B01 /* Frameworks */ = {
			isa = PBXFrameworksBuildPhase;
			buildActionMask = 2147483647;
			files = (
			);
			runOnlyForDeploymentPostprocessing = 0;
		};
/* End PBXFrameworksBuildPhase section */

/* Begin PBXGroup section */
		0822EF987B688A54397A5E3E /* Pods */ = {
			isa = PBXGroup;
			children = (
				C5B31C020FB8B8426B788FE3 /* Pods-bropay.debug.xcconfig */,
				D92AE7D2CF1778834C2162DF /* Pods-bropay.release.xcconfig */,
			);
			name = Pods;
			sourceTree = "<group>";
		};
		3AFBFFAEA5432BDD8CEE7D97 /* Frameworks */ = {
			isa = PBXGroup;
			children = (
				21EAED873986F78BA889ABB0 /* libPods-bropay.a */,
			);
			name = Frameworks;
			sourceTree = "<group>";
		};
		66B918381BF7987E006D5B01 = {
			isa = PBXGroup;
			children = (
				66B918431BF7987E006D5B01 /* bropay */,
				66B918571BF7987E006D5B01 /* bropay WatchKit App */,
				66B918661BF7987E006D5B01 /* bropay WatchKit Extension */,
				66B918421BF7987E006D5B01 /* Products */,
				0822EF987B688A54397A5E3E /* Pods */,
				3AFBFFAEA5432BDD8CEE7D97 /* Frameworks */,
			);
			sourceTree = "<group>";
		};
		66B918421BF7987E006D5B01 /* Products */ = {
			isa = PBXGroup;
			children = (
				66B918411BF7987E006D5B01 /* bropay.app */,
				66B918531BF7987E006D5B01 /* bropay WatchKit App.app */,
				66B918621BF7987E006D5B01 /* bropay WatchKit Extension.appex */,
			);
			name = Products;
			sourceTree = "<group>";
		};
		66B918431BF7987E006D5B01 /* bropay */ = {
			isa = PBXGroup;
			children = (
				66B975021BF82CFC003FB7F7 /* bropay-Bridging-Header.h */,
				66B918441BF7987E006D5B01 /* AppDelegate.swift */,
				66B918461BF7987E006D5B01 /* ViewController.swift */,
				66B918481BF7987E006D5B01 /* Main.storyboard */,
				66B9184B1BF7987E006D5B01 /* Assets.xcassets */,
				66B9184D1BF7987E006D5B01 /* LaunchScreen.storyboard */,
				66B918501BF7987E006D5B01 /* Info.plist */,
			);
			path = bropay;
			sourceTree = "<group>";
		};
		66B918571BF7987E006D5B01 /* bropay WatchKit App */ = {
			isa = PBXGroup;
			children = (
				66B918581BF7987E006D5B01 /* Interface.storyboard */,
				66B9185B1BF7987E006D5B01 /* Assets.xcassets */,
				66B9185D1BF7987E006D5B01 /* Info.plist */,
			);
			path = "bropay WatchKit App";
			sourceTree = "<group>";
		};
		66B918661BF7987E006D5B01 /* bropay WatchKit Extension */ = {
			isa = PBXGroup;
			children = (
				66B918691BF7987E006D5B01 /* InterfaceController.swift */,
				66B9186B1BF7987E006D5B01 /* ExtensionDelegate.swift */,
				66B9186D1BF7987E006D5B01 /* NotificationController.swift */,
				66B9186F1BF7987E006D5B01 /* ComplicationController.swift */,
				66B918711BF7987E006D5B01 /* Assets.xcassets */,
				66B918731BF7987E006D5B01 /* Info.plist */,
				66B918671BF7987E006D5B01 /* Supporting Files */,
			);
			path = "bropay WatchKit Extension";
			sourceTree = "<group>";
		};
		66B918671BF7987E006D5B01 /* Supporting Files */ = {
			isa = PBXGroup;
			children = (
				66B918681BF7987E006D5B01 /* PushNotificationPayload.apns */,
			);
			name = "Supporting Files";
			sourceTree = "<group>";
		};
/* End PBXGroup section */

/* Begin PBXNativeTarget section */
		66B918401BF7987E006D5B01 /* bropay */ = {
			isa = PBXNativeTarget;
			buildConfigurationList = 66B9187E1BF7987E006D5B01 /* Build configuration list for PBXNativeTarget "bropay" */;
			buildPhases = (
				DAE0562057D44E71D3BC5059 /* Check Pods Manifest.lock */,
				66B9183D1BF7987E006D5B01 /* Sources */,
				66B9183E1BF7987E006D5B01 /* Frameworks */,
				66B9183F1BF7987E006D5B01 /* Resources */,
				66B9187D1BF7987E006D5B01 /* Embed Watch Content */,
				2E1BBAFB682B503BCB16D465 /* Embed Pods Frameworks */,
				85BF22E690AC050A974D2E9A /* Copy Pods Resources */,
			);
			buildRules = (
			);
			dependencies = (
				66B918561BF7987E006D5B01 /* PBXTargetDependency */,
			);
			name = bropay;
			productName = bropay;
			productReference = 66B918411BF7987E006D5B01 /* bropay.app */;
			productType = "com.apple.product-type.application";
		};
		66B918521BF7987E006D5B01 /* bropay WatchKit App */ = {
			isa = PBXNativeTarget;
			buildConfigurationList = 66B9187A1BF7987E006D5B01 /* Build configuration list for PBXNativeTarget "bropay WatchKit App" */;
			buildPhases = (
				66B918511BF7987E006D5B01 /* Resources */,
				66B918791BF7987E006D5B01 /* Embed App Extensions */,
			);
			buildRules = (
			);
			dependencies = (
				66B918651BF7987E006D5B01 /* PBXTargetDependency */,
			);
			name = "bropay WatchKit App";
			productName = "bropay WatchKit App";
			productReference = 66B918531BF7987E006D5B01 /* bropay WatchKit App.app */;
			productType = "com.apple.product-type.application.watchapp2";
		};
		66B918611BF7987E006D5B01 /* bropay WatchKit Extension */ = {
			isa = PBXNativeTarget;
			buildConfigurationList = 66B918761BF7987E006D5B01 /* Build configuration list for PBXNativeTarget "bropay WatchKit Extension" */;
			buildPhases = (
				66B9185E1BF7987E006D5B01 /* Sources */,
				66B9185F1BF7987E006D5B01 /* Frameworks */,
				66B918601BF7987E006D5B01 /* Resources */,
			);
			buildRules = (
			);
			dependencies = (
			);
			name = "bropay WatchKit Extension";
			productName = "bropay WatchKit Extension";
			productReference = 66B918621BF7987E006D5B01 /* bropay WatchKit Extension.appex */;
			productType = "com.apple.product-type.watchkit2-extension";
		};
/* End PBXNativeTarget section */

/* Begin PBXProject section */
		66B918391BF7987E006D5B01 /* Project object */ = {
			isa = PBXProject;
			attributes = {
				LastSwiftUpdateCheck = 0710;
				LastUpgradeCheck = 0710;
				ORGANIZATIONNAME = Bro;
				TargetAttributes = {
					66B918401BF7987E006D5B01 = {
						CreatedOnToolsVersion = 7.1.1;
						DevelopmentTeam = L4U2F2VAEP;
					};
					66B918521BF7987E006D5B01 = {
						CreatedOnToolsVersion = 7.1.1;
						DevelopmentTeam = L4U2F2VAEP;
					};
					66B918611BF7987E006D5B01 = {
						CreatedOnToolsVersion = 7.1.1;
						DevelopmentTeam = L4U2F2VAEP;
					};
				};
			};
			buildConfigurationList = 66B9183C1BF7987E006D5B01 /* Build configuration list for PBXProject "bropay" */;
			compatibilityVersion = "Xcode 3.2";
			developmentRegion = English;
			hasScannedForEncodings = 0;
			knownRegions = (
				en,
				Base,
			);
			mainGroup = 66B918381BF7987E006D5B01;
			productRefGroup = 66B918421BF7987E006D5B01 /* Products */;
			projectDirPath = "";
			projectRoot = "";
			targets = (
				66B918401BF7987E006D5B01 /* bropay */,
				66B918521BF7987E006D5B01 /* bropay WatchKit App */,
				66B918611BF7987E006D5B01 /* bropay WatchKit Extension */,
			);
		};
/* End PBXProject section */

/* Begin PBXResourcesBuildPhase section */
		66B9183F1BF7987E006D5B01 /* Resources */ = {
			isa = PBXResourcesBuildPhase;
			buildActionMask = 2147483647;
			files = (
				66B9184F1BF7987E006D5B01 /* LaunchScreen.storyboard in Resources */,
				66B9184C1BF7987E006D5B01 /* Assets.xcassets in Resources */,
				66B9184A1BF7987E006D5B01 /* Main.storyboard in Resources */,
			);
			runOnlyForDeploymentPostprocessing = 0;
		};
		66B918511BF7987E006D5B01 /* Resources */ = {
			isa = PBXResourcesBuildPhase;
			buildActionMask = 2147483647;
			files = (
				66B9185C1BF7987E006D5B01 /* Assets.xcassets in Resources */,
				66B9185A1BF7987E006D5B01 /* Interface.storyboard in Resources */,
			);
			runOnlyForDeploymentPostprocessing = 0;
		};
		66B918601BF7987E006D5B01 /* Resources */ = {
			isa = PBXResourcesBuildPhase;
			buildActionMask = 2147483647;
			files = (
				66B918721BF7987E006D5B01 /* Assets.xcassets in Resources */,
			);
			runOnlyForDeploymentPostprocessing = 0;
		};
/* End PBXResourcesBuildPhase section */

/* Begin PBXShellScriptBuildPhase section */
		2E1BBAFB682B503BCB16D465 /* Embed Pods Frameworks */ = {
			isa = PBXShellScriptBuildPhase;
			buildActionMask = 2147483647;
			files = (
			);
			inputPaths = (
			);
			name = "Embed Pods Frameworks";
			outputPaths = (
			);
			runOnlyForDeploymentPostprocessing = 0;
			shellPath = /bin/sh;
			shellScript = "\"${SRCROOT}/Pods/Target Support Files/Pods-bropay/Pods-bropay-frameworks.sh\"\n";
			showEnvVarsInLog = 0;
		};
		85BF22E690AC050A974D2E9A /* Copy Pods Resources */ = {
			isa = PBXShellScriptBuildPhase;
			buildActionMask = 2147483647;
			files = (
			);
			inputPaths = (
			);
			name = "Copy Pods Resources";
			outputPaths = (
			);
			runOnlyForDeploymentPostprocessing = 0;
			shellPath = /bin/sh;
			shellScript = "\"${SRCROOT}/Pods/Target Support Files/Pods-bropay/Pods-bropay-resources.sh\"\n";
			showEnvVarsInLog = 0;
		};
		DAE0562057D44E71D3BC5059 /* Check Pods Manifest.lock */ = {
			isa = PBXShellScriptBuildPhase;
			buildActionMask = 2147483647;
			files = (
			);
			inputPaths = (
			);
			name = "Check Pods Manifest.lock";
			outputPaths = (
			);
			runOnlyForDeploymentPostprocessing = 0;
			shellPath = /bin/sh;
			shellScript = "diff \"${PODS_ROOT}/../Podfile.lock\" \"${PODS_ROOT}/Manifest.lock\" > /dev/null\nif [[ $? != 0 ]] ; then\n    cat << EOM\nerror: The sandbox is not in sync with the Podfile.lock. Run 'pod install' or update your CocoaPods installation.\nEOM\n    exit 1\nfi\n";
			showEnvVarsInLog = 0;
		};
/* End PBXShellScriptBuildPhase section */

/* Begin PBXSourcesBuildPhase section */
		66B9183D1BF7987E006D5B01 /* Sources */ = {
			isa = PBXSourcesBuildPhase;
			buildActionMask = 2147483647;
			files = (
				66B918471BF7987E006D5B01 /* ViewController.swift in Sources */,
				66B918451BF7987E006D5B01 /* AppDelegate.swift in Sources */,
			);
			runOnlyForDeploymentPostprocessing = 0;
		};
		66B9185E1BF7987E006D5B01 /* Sources */ = {
			isa = PBXSourcesBuildPhase;
			buildActionMask = 2147483647;
			files = (
				66B9186E1BF7987E006D5B01 /* NotificationController.swift in Sources */,
				66B918701BF7987E006D5B01 /* ComplicationController.swift in Sources */,
				66B9186C1BF7987E006D5B01 /* ExtensionDelegate.swift in Sources */,
				66B9186A1BF7987E006D5B01 /* InterfaceController.swift in Sources */,
			);
			runOnlyForDeploymentPostprocessing = 0;
		};
/* End PBXSourcesBuildPhase section */

/* Begin PBXTargetDependency section */
		66B918561BF7987E006D5B01 /* PBXTargetDependency */ = {
			isa = PBXTargetDependency;
			target = 66B918521BF7987E006D5B01 /* bropay WatchKit App */;
			targetProxy = 66B918551BF7987E006D5B01 /* PBXContainerItemProxy */;
		};
		66B918651BF7987E006D5B01 /* PBXTargetDependency */ = {
			isa = PBXTargetDependency;
			target = 66B918611BF7987E006D5B01 /* bropay WatchKit Extension */;
			targetProxy = 66B918641BF7987E006D5B01 /* PBXContainerItemProxy */;
		};
/* End PBXTargetDependency section */

/* Begin PBXVariantGroup section */
		66B918481BF7987E006D5B01 /* Main.storyboard */ = {
			isa = PBXVariantGroup;
			children = (
				66B918491BF7987E006D5B01 /* Base */,
			);
			name = Main.storyboard;
			sourceTree = "<group>";
		};
		66B9184D1BF7987E006D5B01 /* LaunchScreen.storyboard */ = {
			isa = PBXVariantGroup;
			children = (
				66B9184E1BF7987E006D5B01 /* Base */,
			);
			name = LaunchScreen.storyboard;
			sourceTree = "<group>";
		};
		66B918581BF7987E006D5B01 /* Interface.storyboard */ = {
			isa = PBXVariantGroup;
			children = (
				66B918591BF7987E006D5B01 /* Base */,
			);
			name = Interface.storyboard;
			sourceTree = "<group>";
		};
/* End PBXVariantGroup section */

/* Begin XCBuildConfiguration section */
		66B918741BF7987E006D5B01 /* Debug */ = {
			isa = XCBuildConfiguration;
			buildSettings = {
				ALWAYS_SEARCH_USER_PATHS = NO;
				CLANG_CXX_LANGUAGE_STANDARD = "gnu++0x";
				CLANG_CXX_LIBRARY = "libc++";
				CLANG_ENABLE_MODULES = YES;
				CLANG_ENABLE_OBJC_ARC = YES;
				CLANG_WARN_BOOL_CONVERSION = YES;
				CLANG_WARN_CONSTANT_CONVERSION = YES;
				CLANG_WARN_DIRECT_OBJC_ISA_USAGE = YES_ERROR;
				CLANG_WARN_EMPTY_BODY = YES;
				CLANG_WARN_ENUM_CONVERSION = YES;
				CLANG_WARN_INT_CONVERSION = YES;
				CLANG_WARN_OBJC_ROOT_CLASS = YES_ERROR;
				CLANG_WARN_UNREACHABLE_CODE = YES;
				CLANG_WARN__DUPLICATE_METHOD_MATCH = YES;
				"CODE_SIGN_IDENTITY[sdk=iphoneos*]" = "iPhone Developer";
				COPY_PHASE_STRIP = NO;
				DEBUG_INFORMATION_FORMAT = dwarf;
				ENABLE_STRICT_OBJC_MSGSEND = YES;
				ENABLE_TESTABILITY = YES;
				GCC_C_LANGUAGE_STANDARD = gnu99;
				GCC_DYNAMIC_NO_PIC = NO;
				GCC_NO_COMMON_BLOCKS = YES;
				GCC_OPTIMIZATION_LEVEL = 0;
				GCC_PREPROCESSOR_DEFINITIONS = (
					"DEBUG=1",
					"$(inherited)",
				);
				GCC_WARN_64_TO_32_BIT_CONVERSION = YES;
				GCC_WARN_ABOUT_RETURN_TYPE = YES_ERROR;
				GCC_WARN_UNDECLARED_SELECTOR = YES;
				GCC_WARN_UNINITIALIZED_AUTOS = YES_AGGRESSIVE;
				GCC_WARN_UNUSED_FUNCTION = YES;
				GCC_WARN_UNUSED_VARIABLE = YES;
				IPHONEOS_DEPLOYMENT_TARGET = 9.1;
				MTL_ENABLE_DEBUG_INFO = YES;
				ONLY_ACTIVE_ARCH = YES;
				SDKROOT = iphoneos;
				SWIFT_OPTIMIZATION_LEVEL = "-Onone";
			};
			name = Debug;
		};
		66B918751BF7987E006D5B01 /* Release */ = {
			isa = XCBuildConfiguration;
			buildSettings = {
				ALWAYS_SEARCH_USER_PATHS = NO;
				CLANG_CXX_LANGUAGE_STANDARD = "gnu++0x";
				CLANG_CXX_LIBRARY = "libc++";
				CLANG_ENABLE_MODULES = YES;
				CLANG_ENABLE_OBJC_ARC = YES;
				CLANG_WARN_BOOL_CONVERSION = YES;
				CLANG_WARN_CONSTANT_CONVERSION = YES;
				CLANG_WARN_DIRECT_OBJC_ISA_USAGE = YES_ERROR;
				CLANG_WARN_EMPTY_BODY = YES;
				CLANG_WARN_ENUM_CONVERSION = YES;
				CLANG_WARN_INT_CONVERSION = YES;
				CLANG_WARN_OBJC_ROOT_CLASS = YES_ERROR;
				CLANG_WARN_UNREACHABLE_CODE = YES;
				CLANG_WARN__DUPLICATE_METHOD_MATCH = YES;
				"CODE_SIGN_IDENTITY[sdk=iphoneos*]" = "iPhone Developer";
				COPY_PHASE_STRIP = NO;
				DEBUG_INFORMATION_FORMAT = "dwarf-with-dsym";
				ENABLE_NS_ASSERTIONS = NO;
				ENABLE_STRICT_OBJC_MSGSEND = YES;
				GCC_C_LANGUAGE_STANDARD = gnu99;
				GCC_NO_COMMON_BLOCKS = YES;
				GCC_WARN_64_TO_32_BIT_CONVERSION = YES;
				GCC_WARN_ABOUT_RETURN_TYPE = YES_ERROR;
				GCC_WARN_UNDECLARED_SELECTOR = YES;
				GCC_WARN_UNINITIALIZED_AUTOS = YES_AGGRESSIVE;
				GCC_WARN_UNUSED_FUNCTION = YES;
				GCC_WARN_UNUSED_VARIABLE = YES;
				IPHONEOS_DEPLOYMENT_TARGET = 9.1;
				MTL_ENABLE_DEBUG_INFO = NO;
				SDKROOT = iphoneos;
				VALIDATE_PRODUCT = YES;
			};
			name = Release;
		};
		66B918771BF7987E006D5B01 /* Debug */ = {
			isa = XCBuildConfiguration;
			buildSettings = {
				ASSETCATALOG_COMPILER_COMPLICATION_NAME = Complication;
				CODE_SIGN_IDENTITY = "iPhone Developer";
				"CODE_SIGN_IDENTITY[sdk=watchos*]" = "iPhone Developer";
				INFOPLIST_FILE = "bropay WatchKit Extension/Info.plist";
				LD_RUNPATH_SEARCH_PATHS = "$(inherited) @executable_path/Frameworks @executable_path/../../Frameworks";
				PRODUCT_BUNDLE_IDENTIFIER = ninja.bro.bropay.watchkitapp.watchkitextension;
				PRODUCT_NAME = "${TARGET_NAME}";
				PROVISIONING_PROFILE = "";
				SDKROOT = watchos;
				SKIP_INSTALL = YES;
				TARGETED_DEVICE_FAMILY = 4;
				WATCHOS_DEPLOYMENT_TARGET = 2.0;
			};
			name = Debug;
		};
		66B918781BF7987E006D5B01 /* Release */ = {
			isa = XCBuildConfiguration;
			buildSettings = {
				ASSETCATALOG_COMPILER_COMPLICATION_NAME = Complication;
				CODE_SIGN_IDENTITY = "iPhone Developer";
				"CODE_SIGN_IDENTITY[sdk=watchos*]" = "iPhone Developer";
				INFOPLIST_FILE = "bropay WatchKit Extension/Info.plist";
				LD_RUNPATH_SEARCH_PATHS = "$(inherited) @executable_path/Frameworks @executable_path/../../Frameworks";
				PRODUCT_BUNDLE_IDENTIFIER = ninja.bro.bropay.watchkitapp.watchkitextension;
				PRODUCT_NAME = "${TARGET_NAME}";
				PROVISIONING_PROFILE = "";
				SDKROOT = watchos;
				SKIP_INSTALL = YES;
				TARGETED_DEVICE_FAMILY = 4;
				WATCHOS_DEPLOYMENT_TARGET = 2.0;
			};
			name = Release;
		};
		66B9187B1BF7987E006D5B01 /* Debug */ = {
			isa = XCBuildConfiguration;
			buildSettings = {
				ASSETCATALOG_COMPILER_APPICON_NAME = AppIcon;
				CODE_SIGN_IDENTITY = "iPhone Developer";
				"CODE_SIGN_IDENTITY[sdk=watchos*]" = "iPhone Developer";
				EMBEDDED_CONTENT_CONTAINS_SWIFT = YES;
				IBSC_MODULE = bropay_WatchKit_Extension;
				INFOPLIST_FILE = "bropay WatchKit App/Info.plist";
				PRODUCT_BUNDLE_IDENTIFIER = ninja.bro.bropay.watchkitapp;
				PRODUCT_NAME = "$(TARGET_NAME)";
				PROVISIONING_PROFILE = "";
				SDKROOT = watchos;
				SKIP_INSTALL = YES;
				TARGETED_DEVICE_FAMILY = 4;
				WATCHOS_DEPLOYMENT_TARGET = 2.0;
			};
			name = Debug;
		};
		66B9187C1BF7987E006D5B01 /* Release */ = {
			isa = XCBuildConfiguration;
			buildSettings = {
				ASSETCATALOG_COMPILER_APPICON_NAME = AppIcon;
				CODE_SIGN_IDENTITY = "iPhone Developer";
				"CODE_SIGN_IDENTITY[sdk=watchos*]" = "iPhone Developer";
				EMBEDDED_CONTENT_CONTAINS_SWIFT = YES;
				IBSC_MODULE = bropay_WatchKit_Extension;
				INFOPLIST_FILE = "bropay WatchKit App/Info.plist";
				PRODUCT_BUNDLE_IDENTIFIER = ninja.bro.bropay.watchkitapp;
				PRODUCT_NAME = "$(TARGET_NAME)";
				PROVISIONING_PROFILE = "";
				SDKROOT = watchos;
				SKIP_INSTALL = YES;
				TARGETED_DEVICE_FAMILY = 4;
				WATCHOS_DEPLOYMENT_TARGET = 2.0;
			};
			name = Release;
		};
		66B9187F1BF7987E006D5B01 /* Debug */ = {
			isa = XCBuildConfiguration;
			baseConfigurationReference = C5B31C020FB8B8426B788FE3 /* Pods-bropay.debug.xcconfig */;
			buildSettings = {
				ASSETCATALOG_COMPILER_APPICON_NAME = AppIcon;
				CODE_SIGN_IDENTITY = "iPhone Developer";
				"CODE_SIGN_IDENTITY[sdk=iphoneos*]" = "iPhone Developer";
				INFOPLIST_FILE = bropay/Info.plist;
				LD_RUNPATH_SEARCH_PATHS = "$(inherited) @executable_path/Frameworks";
				PRODUCT_BUNDLE_IDENTIFIER = ninja.bro.bropay;
				PRODUCT_NAME = "$(TARGET_NAME)";
				PROVISIONING_PROFILE = "";
				SWIFT_OBJC_BRIDGING_HEADER = "bropay/bropay-Bridging-Header.h";
			};
			name = Debug;
		};
		66B918801BF7987E006D5B01 /* Release */ = {
			isa = XCBuildConfiguration;
			baseConfigurationReference = D92AE7D2CF1778834C2162DF /* Pods-bropay.release.xcconfig */;
			buildSettings = {
				ASSETCATALOG_COMPILER_APPICON_NAME = AppIcon;
				CODE_SIGN_IDENTITY = "iPhone Developer";
				"CODE_SIGN_IDENTITY[sdk=iphoneos*]" = "iPhone Developer";
				INFOPLIST_FILE = bropay/Info.plist;
				LD_RUNPATH_SEARCH_PATHS = "$(inherited) @executable_path/Frameworks";
				PRODUCT_BUNDLE_IDENTIFIER = ninja.bro.bropay;
				PRODUCT_NAME = "$(TARGET_NAME)";
				PROVISIONING_PROFILE = "";
				SWIFT_OBJC_BRIDGING_HEADER = "bropay/bropay-Bridging-Header.h";
			};
			name = Release;
		};
/* End XCBuildConfiguration section */

/* Begin XCConfigurationList section */
		66B9183C1BF7987E006D5B01 /* Build configuration list for PBXProject "bropay" */ = {
			isa = XCConfigurationList;
			buildConfigurations = (
				66B918741BF7987E006D5B01 /* Debug */,
				66B918751BF7987E006D5B01 /* Release */,
			);
			defaultConfigurationIsVisible = 0;
			defaultConfigurationName = Release;
		};
		66B918761BF7987E006D5B01 /* Build configuration list for PBXNativeTarget "bropay WatchKit Extension" */ = {
			isa = XCConfigurationList;
			buildConfigurations = (
				66B918771BF7987E006D5B01 /* Debug */,
				66B918781BF7987E006D5B01 /* Release */,
			);
			defaultConfigurationIsVisible = 0;
			defaultConfigurationName = Release;
		};
		66B9187A1BF7987E006D5B01 /* Build configuration list for PBXNativeTarget "bropay WatchKit App" */ = {
			isa = XCConfigurationList;
			buildConfigurations = (
				66B9187B1BF7987E006D5B01 /* Debug */,
				66B9187C1BF7987E006D5B01 /* Release */,
			);
			defaultConfigurationIsVisible = 0;
			defaultConfigurationName = Release;
		};
		66B9187E1BF7987E006D5B01 /* Build configuration list for PBXNativeTarget "bropay" */ = {
			isa = XCConfigurationList;
			buildConfigurations = (
				66B9187F1BF7987E006D5B01 /* Debug */,
				66B918801BF7987E006D5B01 /* Release */,
			);
			defaultConfigurationIsVisible = 0;
			defaultConfigurationName = Release;
		};
/* End XCConfigurationList section */
	};
	rootObject = 66B918391BF7987E006D5B01 /* Project object */;
}
